
Microsoft Visual Studio Solution File, Format Version 12.00
# Visual Studio Version 17
VisualStudioVersion = 17.2.32630.192
MinimumVisualStudioVersion = 10.0.40219.1
Project("{8BC9CEB8-8B4A-11D0-8D11-00A0C91BC942}") = "Game", "Game\Game.vcxproj", "{6034C14C-0CB4-4C75-9A69-9AB44CC33A92}"
EndProject
Project("{8BC9CEB8-8B4A-11D0-8D11-00A0C91BC942}") = "Engine", "Engine\Engine.vcxproj", "{A4C32939-0726-483E-8BE3-C3345C7B7610}"
EndProject
Global
	GlobalSection(SolutionConfigurationPlatforms) = preSolution
		Debug|x64 = Debug|x64
		Debug|x86 = Debug|x86
		Release|x64 = Release|x64
		Release|x86 = Release|x86
	EndGlobalSection
	GlobalSection(ProjectConfigurationPlatforms) = postSolution
		{6034C14C-0CB4-4C75-9A69-9AB44CC33A92}.Debug|x64.ActiveCfg = Debug|x64
		{6034C14C-0CB4-4C75-9A69-9AB44CC33A92}.Debug|x64.Build.0 = Debug|x64
		{6034C14C-0CB4-4C75-9A69-9AB44CC33A92}.Debug|x86.ActiveCfg = Debug|Win32
		{6034C14C-0CB4-4C75-9A69-9AB44CC33A92}.Debug|x86.Build.0 = Debug|Win32
		{6034C14C-0CB4-4C75-9A69-9AB44CC33A92}.Release|x64.ActiveCfg = Release|x64
		{6034C14C-0CB4-4C75-9A69-9AB44CC33A92}.Release|x64.Build.0 = Release|x64
		{6034C14C-0CB4-4C75-9A69-9AB44CC33A92}.Release|x86.ActiveCfg = Release|Win32
		{6034C14C-0CB4-4C75-9A69-9AB44CC33A92}.Release|x86.Build.0 = Release|Win32
		{A4C32939-0726-483E-8BE3-C3345C7B7610}.Debug|x64.ActiveCfg = Debug|x64
		{A4C32939-0726-483E-8BE3-C3345C7B7610}.Debug|x64.Build.0 = Debug|x64
		{A4C32939-0726-483E-8BE3-C3345C7B7610}.Debug|x86.ActiveCfg = Debug|Win32
		{A4C32939-0726-483E-8BE3-C3345C7B7610}.Debug|x86.Build.0 = Debug|Win32
		{A4C32939-0726-483E-8BE3-C3345C7B7610}.Release|x64.ActiveCfg = Release|x64
		{A4C32939-0726-483E-8BE3-C3345C7B7610}.Release|x64.Build.0 = Release|x64
		{A4C32939-0726-483E-8BE3-C3345C7B7610}.Release|x86.ActiveCfg = Release|Win32
		{A4C32939-0726-483E-8BE3-C3345C7B7610}.Release|x86.Build.0 = Release|Win32
	EndGlobalSection
	GlobalSection(SolutionProperties) = preSolution
		HideSolutionNode = FALSE
	EndGlobalSection
	GlobalSection(ExtensibilityGlobals) = postSolution
		SolutionGuid = {EB20F44A-6A93-4F47-A511-AD9C53679B8D}
	EndGlobalSection
EndGlobal
